lockfileVersion: '9.0'

settings:
  autoInstallPeers: true
  excludeLinksFromLockfile: false

importers:

  .:
    devDependencies:
      '@types/culori':
        specifier: ^4.0.0
        version: 4.0.0

packages:

  '@types/culori@4.0.0':
    resolution: {integrity: sha512-aFljQwjb++sl6TAyEXeHTiK/fk9epZOQ+nMmadjnAvzZFIvNoQ0x8XQYfcOaRTBwmDUPUlghhZCJ66MTcqQAsg==}

snapshots:

  '@types/culori@4.0.0': {}
